// !$*UTF8*$!
{
	archiveVersion = 1;
	classes = {
	};
	objectVersion = 56;
	objects = {

/* Begin PBXBuildFile section */
		684230E92A41667D004E71B9 /* KeyboardHandler.swift in Sources */ = {isa = PBXBuildFile; fileRef = 684230E82A41667D004E71B9 /* KeyboardHandler.swift */; };
		684230EC2A4166ED004E71B9 /* BaseViewController.swift in Sources */ = {isa = PBXBuildFile; fileRef = 684230EB2A4166ED004E71B9 /* BaseViewController.swift */; };
		684230EE2A4166FF004E71B9 /* BaseViewModel.swift in Sources */ = {isa = PBXBuildFile; fileRef = 684230ED2A4166FF004E71B9 /* BaseViewModel.swift */; };
		684230F32A41732B004E71B9 /* AppColor.swift in Sources */ = {isa = PBXBuildFile; fileRef = 684230F22A41732B004E71B9 /* AppColor.swift */; };
		684230F52A4173FC004E71B9 /* BaseNavigationController.swift in Sources */ = {isa = PBXBuildFile; fileRef = 684230F42A4173FC004E71B9 /* BaseNavigationController.swift */; };
		6842310C2A417670004E71B9 /* Poppins-MediumItalic.ttf in Resources */ = {isa = PBXBuildFile; fileRef = 684230FA2A417670004E71B9 /* Poppins-MediumItalic.ttf */; };
		6842310D2A417670004E71B9 /* Poppins-Regular.ttf in Resources */ = {isa = PBXBuildFile; fileRef = 684230FB2A417670004E71B9 /* Poppins-Regular.ttf */; };
		6842310E2A417670004E71B9 /* Poppins-Light.ttf in Resources */ = {isa = PBXBuildFile; fileRef = 684230FC2A417670004E71B9 /* Poppins-Light.ttf */; };
		6842310F2A417670004E71B9 /* Poppins-Italic.ttf in Resources */ = {isa = PBXBuildFile; fileRef = 684230FD2A417670004E71B9 /* Poppins-Italic.ttf */; };
		684231102A417670004E71B9 /* Poppins-SemiBoldItalic.ttf in Resources */ = {isa = PBXBuildFile; fileRef = 684230FE2A417670004E71B9 /* Poppins-SemiBoldItalic.ttf */; };
		684231112A417670004E71B9 /* Poppins-ThinItalic.ttf in Resources */ = {isa = PBXBuildFile; fileRef = 684230FF2A417670004E71B9 /* Poppins-ThinItalic.ttf */; };
		684231122A417670004E71B9 /* Poppins-BlackItalic.ttf in Resources */ = {isa = PBXBuildFile; fileRef = 684231002A417670004E71B9 /* Poppins-BlackItalic.ttf */; };
		684231132A417670004E71B9 /* Poppins-Medium.ttf in Resources */ = {isa = PBXBuildFile; fileRef = 684231012A417670004E71B9 /* Poppins-Medium.ttf */; };
		684231142A417670004E71B9 /* Poppins-ExtraLightItalic.ttf in Resources */ = {isa = PBXBuildFile; fileRef = 684231022A417670004E71B9 /* Poppins-ExtraLightItalic.ttf */; };
		684231152A417670004E71B9 /* Poppins-ExtraLight.ttf in Resources */ = {isa = PBXBuildFile; fileRef = 684231032A417670004E71B9 /* Poppins-ExtraLight.ttf */; };
		684231162A417670004E71B9 /* Poppins-BoldItalic.ttf in Resources */ = {isa = PBXBuildFile; fileRef = 684231042A417670004E71B9 /* Poppins-BoldItalic.ttf */; };
		684231172A417670004E71B9 /* Poppins-LightItalic.ttf in Resources */ = {isa = PBXBuildFile; fileRef = 684231052A417670004E71B9 /* Poppins-LightItalic.ttf */; };
		684231182A417670004E71B9 /* Poppins-Black.ttf in Resources */ = {isa = PBXBuildFile; fileRef = 684231062A417670004E71B9 /* Poppins-Black.ttf */; };
		684231192A417670004E71B9 /* Poppins-Bold.ttf in Resources */ = {isa = PBXBuildFile; fileRef = 684231072A417670004E71B9 /* Poppins-Bold.ttf */; };
		6842311A2A417670004E71B9 /* Poppins-ExtraBoldItalic.ttf in Resources */ = {isa = PBXBuildFile; fileRef = 684231082A417670004E71B9 /* Poppins-ExtraBoldItalic.ttf */; };
		6842311B2A417670004E71B9 /* Poppins-SemiBold.ttf in Resources */ = {isa = PBXBuildFile; fileRef = 684231092A417670004E71B9 /* Poppins-SemiBold.ttf */; };
		6842311C2A417670004E71B9 /* Poppins-Thin.ttf in Resources */ = {isa = PBXBuildFile; fileRef = 6842310A2A417670004E71B9 /* Poppins-Thin.ttf */; };
		6842311D2A417670004E71B9 /* Poppins-ExtraBold.ttf in Resources */ = {isa = PBXBuildFile; fileRef = 6842310B2A417670004E71B9 /* Poppins-ExtraBold.ttf */; };
		684231202A417760004E71B9 /* AppFont.swift in Sources */ = {isa = PBXBuildFile; fileRef = 6842311F2A417760004E71B9 /* AppFont.swift */; };
		684231222A417AAF004E71B9 /* UIColor+Extensions.swift in Sources */ = {isa = PBXBuildFile; fileRef = 684231212A417AAF004E71B9 /* UIColor+Extensions.swift */; };
		684231242A418359004E71B9 /* PrimaryButton.swift in Sources */ = {isa = PBXBuildFile; fileRef = 684231232A418359004E71B9 /* PrimaryButton.swift */; };
		684231272A418FCD004E71B9 /* SkeletonView in Frameworks */ = {isa = PBXBuildFile; productRef = 684231262A418FCD004E71B9 /* SkeletonView */; };
		684231302A419B2C004E71B9 /* NavigationManager.swift in Sources */ = {isa = PBXBuildFile; fileRef = 6842312F2A419B2C004E71B9 /* NavigationManager.swift */; };
		684231322A419C29004E71B9 /* AuthNavigationManager.swift in Sources */ = {isa = PBXBuildFile; fileRef = 684231312A419C29004E71B9 /* AuthNavigationManager.swift */; };
		8C42009A2A41C600006A5264 /* UIImage+Extensions.swift in Sources */ = {isa = PBXBuildFile; fileRef = 8C4200992A41C600006A5264 /* UIImage+Extensions.swift */; };
		8C700B252A41E253000A7001 /* SecureFloatingTextField.swift in Sources */ = {isa = PBXBuildFile; fileRef = 8C700B242A41E253000A7001 /* SecureFloatingTextField.swift */; };
		8C700B292A41E974000A7001 /* UserService.swift in Sources */ = {isa = PBXBuildFile; fileRef = 8C700B282A41E974000A7001 /* UserService.swift */; };
		8C700B2B2A41E9FF000A7001 /* SupabaseManager.swift in Sources */ = {isa = PBXBuildFile; fileRef = 8C700B2A2A41E9FF000A7001 /* SupabaseManager.swift */; };
		8C700B2E2A41EA25000A7001 /* Constants.swift in Sources */ = {isa = PBXBuildFile; fileRef = 8C700B2D2A41EA25000A7001 /* Constants.swift */; };
		8C700B362A41F003000A7001 /* UIViewController+Extensions.swift in Sources */ = {isa = PBXBuildFile; fileRef = 8C700B352A41F003000A7001 /* UIViewController+Extensions.swift */; };
		8C700B382A41F109000A7001 /* TextButton.swift in Sources */ = {isa = PBXBuildFile; fileRef = 8C700B372A41F109000A7001 /* TextButton.swift */; };
		8C700B3B2A41F4C5000A7001 /* ButtonWithLabel.swift in Sources */ = {isa = PBXBuildFile; fileRef = 8C700B3A2A41F4C5000A7001 /* ButtonWithLabel.swift */; };
		8C700B3E2A41FDDB000A7001 /* AppScrollView.swift in Sources */ = {isa = PBXBuildFile; fileRef = 8C700B3D2A41FDDB000A7001 /* AppScrollView.swift */; };
		8C700B422A420EF7000A7001 /* IQKeyboardManagerSwift in Frameworks */ = {isa = PBXBuildFile; productRef = 8C700B412A420EF7000A7001 /* IQKeyboardManagerSwift */; };
		8C84B4DA2A40C94C0054A127 /* SnapKit in Frameworks */ = {isa = PBXBuildFile; productRef = 8C84B4D92A40C94C0054A127 /* SnapKit */; };
		8C8ADE0E2A40CA5B0049FA99 /* Supabase in Frameworks */ = {isa = PBXBuildFile; productRef = 8C8ADE0D2A40CA5B0049FA99 /* Supabase */; };
		8C8ADE152A40CAEC0049FA99 /* FloatingTextField.swift in Sources */ = {isa = PBXBuildFile; fileRef = 8C8ADE142A40CAEC0049FA99 /* FloatingTextField.swift */; };
		8C8ADE1F2A40CB9D0049FA99 /* UIView+New.swift in Sources */ = {isa = PBXBuildFile; fileRef = 8C8ADE1E2A40CB9D0049FA99 /* UIView+New.swift */; };
		8C8ADE2D2A40CD6F0049FA99 /* UIStackView+Extensions.swift in Sources */ = {isa = PBXBuildFile; fileRef = 8C8ADE2C2A40CD6F0049FA99 /* UIStackView+Extensions.swift */; };
		8C8ADE2F2A40CDA40049FA99 /* UIView+Extensions.swift in Sources */ = {isa = PBXBuildFile; fileRef = 8C8ADE2E2A40CDA40049FA99 /* UIView+Extensions.swift */; };
		8C8ADE322A40D6B90049FA99 /* SignInViewController.swift in Sources */ = {isa = PBXBuildFile; fileRef = 8C8ADE312A40D6B90049FA99 /* SignInViewController.swift */; };
		8C8ADE352A40D80A0049FA99 /* SignInViewModel.swift in Sources */ = {isa = PBXBuildFile; fileRef = 8C8ADE342A40D80A0049FA99 /* SignInViewModel.swift */; };
		8CE8283A2A40C55E0089BB07 /* AppDelegate.swift in Sources */ = {isa = PBXBuildFile; fileRef = 8CE828392A40C55E0089BB07 /* AppDelegate.swift */; };
		8CE8283C2A40C55E0089BB07 /* SceneDelegate.swift in Sources */ = {isa = PBXBuildFile; fileRef = 8CE8283B2A40C55E0089BB07 /* SceneDelegate.swift */; };
		8CE828432A40C55F0089BB07 /* Assets.xcassets in Resources */ = {isa = PBXBuildFile; fileRef = 8CE828422A40C55F0089BB07 /* Assets.xcassets */; };
		8CE828462A40C55F0089BB07 /* LaunchScreen.storyboard in Resources */ = {isa = PBXBuildFile; fileRef = 8CE828442A40C55F0089BB07 /* LaunchScreen.storyboard */; };
		8CE828512A40C55F0089BB07 /* MetaKhanTests.swift in Sources */ = {isa = PBXBuildFile; fileRef = 8CE828502A40C55F0089BB07 /* MetaKhanTests.swift */; };
		8CE8285B2A40C55F0089BB07 /* MetaKhanUITests.swift in Sources */ = {isa = PBXBuildFile; fileRef = 8CE8285A2A40C55F0089BB07 /* MetaKhanUITests.swift */; };
		8CE8285D2A40C55F0089BB07 /* MetaKhanUITestsLaunchTests.swift in Sources */ = {isa = PBXBuildFile; fileRef = 8CE8285C2A40C55F0089BB07 /* MetaKhanUITestsLaunchTests.swift */; };
/* End PBXBuildFile section */

/* Begin PBXContainerItemProxy section */
		8CE8284D2A40C55F0089BB07 /* PBXContainerItemProxy */ = {
			isa = PBXContainerItemProxy;
			containerPortal = 8CE8282E2A40C55E0089BB07 /* Project object */;
			proxyType = 1;
			remoteGlobalIDString = 8CE828352A40C55E0089BB07;
			remoteInfo = MetaKhan;
		};
		8CE828572A40C55F0089BB07 /* PBXContainerItemProxy */ = {
			isa = PBXContainerItemProxy;
			containerPortal = 8CE8282E2A40C55E0089BB07 /* Project object */;
			proxyType = 1;
			remoteGlobalIDString = 8CE828352A40C55E0089BB07;
			remoteInfo = MetaKhan;
		};
/* End PBXContainerItemProxy section */

/* Begin PBXFileReference section */
		684230E82A41667D004E71B9 /* KeyboardHandler.swift */ = {isa = PBXFileReference; lastKnownFileType = sourcecode.swift; path = KeyboardHandler.swift; sourceTree = "<group>"; };
		684230EB2A4166ED004E71B9 /* BaseViewController.swift */ = {isa = PBXFileReference; lastKnownFileType = sourcecode.swift; path = BaseViewController.swift; sourceTree = "<group>"; };
		684230ED2A4166FF004E71B9 /* BaseViewModel.swift */ = {isa = PBXFileReference; lastKnownFileType = sourcecode.swift; path = BaseViewModel.swift; sourceTree = "<group>"; };
		684230F22A41732B004E71B9 /* AppColor.swift */ = {isa = PBXFileReference; lastKnownFileType = sourcecode.swift; path = AppColor.swift; sourceTree = "<group>"; };
		684230F42A4173FC004E71B9 /* BaseNavigationController.swift */ = {isa = PBXFileReference; lastKnownFileType = sourcecode.swift; path = BaseNavigationController.swift; sourceTree = "<group>"; };
		684230FA2A417670004E71B9 /* Poppins-MediumItalic.ttf */ = {isa = PBXFileReference; lastKnownFileType = file; path = "Poppins-MediumItalic.ttf"; sourceTree = "<group>"; };
		684230FB2A417670004E71B9 /* Poppins-Regular.ttf */ = {isa = PBXFileReference; lastKnownFileType = file; path = "Poppins-Regular.ttf"; sourceTree = "<group>"; };
		684230FC2A417670004E71B9 /* Poppins-Light.ttf */ = {isa = PBXFileReference; lastKnownFileType = file; path = "Poppins-Light.ttf"; sourceTree = "<group>"; };
		684230FD2A417670004E71B9 /* Poppins-Italic.ttf */ = {isa = PBXFileReference; lastKnownFileType = file; path = "Poppins-Italic.ttf"; sourceTree = "<group>"; };
		684230FE2A417670004E71B9 /* Poppins-SemiBoldItalic.ttf */ = {isa = PBXFileReference; lastKnownFileType = file; path = "Poppins-SemiBoldItalic.ttf"; sourceTree = "<group>"; };
		684230FF2A417670004E71B9 /* Poppins-ThinItalic.ttf */ = {isa = PBXFileReference; lastKnownFileType = file; path = "Poppins-ThinItalic.ttf"; sourceTree = "<group>"; };
		684231002A417670004E71B9 /* Poppins-BlackItalic.ttf */ = {isa = PBXFileReference; lastKnownFileType = file; path = "Poppins-BlackItalic.ttf"; sourceTree = "<group>"; };
		684231012A417670004E71B9 /* Poppins-Medium.ttf */ = {isa = PBXFileReference; lastKnownFileType = file; path = "Poppins-Medium.ttf"; sourceTree = "<group>"; };
		684231022A417670004E71B9 /* Poppins-ExtraLightItalic.ttf */ = {isa = PBXFileReference; lastKnownFileType = file; path = "Poppins-ExtraLightItalic.ttf"; sourceTree = "<group>"; };
		684231032A417670004E71B9 /* Poppins-ExtraLight.ttf */ = {isa = PBXFileReference; lastKnownFileType = file; path = "Poppins-ExtraLight.ttf"; sourceTree = "<group>"; };
		684231042A417670004E71B9 /* Poppins-BoldItalic.ttf */ = {isa = PBXFileReference; lastKnownFileType = file; path = "Poppins-BoldItalic.ttf"; sourceTree = "<group>"; };
		684231052A417670004E71B9 /* Poppins-LightItalic.ttf */ = {isa = PBXFileReference; lastKnownFileType = file; path = "Poppins-LightItalic.ttf"; sourceTree = "<group>"; };
		684231062A417670004E71B9 /* Poppins-Black.ttf */ = {isa = PBXFileReference; lastKnownFileType = file; path = "Poppins-Black.ttf"; sourceTree = "<group>"; };
		684231072A417670004E71B9 /* Poppins-Bold.ttf */ = {isa = PBXFileReference; lastKnownFileType = file; path = "Poppins-Bold.ttf"; sourceTree = "<group>"; };
		684231082A417670004E71B9 /* Poppins-ExtraBoldItalic.ttf */ = {isa = PBXFileReference; lastKnownFileType = file; path = "Poppins-ExtraBoldItalic.ttf"; sourceTree = "<group>"; };
		684231092A417670004E71B9 /* Poppins-SemiBold.ttf */ = {isa = PBXFileReference; lastKnownFileType = file; path = "Poppins-SemiBold.ttf"; sourceTree = "<group>"; };
		6842310A2A417670004E71B9 /* Poppins-Thin.ttf */ = {isa = PBXFileReference; lastKnownFileType = file; path = "Poppins-Thin.ttf"; sourceTree = "<group>"; };
		6842310B2A417670004E71B9 /* Poppins-ExtraBold.ttf */ = {isa = PBXFileReference; lastKnownFileType = file; path = "Poppins-ExtraBold.ttf"; sourceTree = "<group>"; };
		6842311F2A417760004E71B9 /* AppFont.swift */ = {isa = PBXFileReference; lastKnownFileType = sourcecode.swift; path = AppFont.swift; sourceTree = "<group>"; };
		684231212A417AAF004E71B9 /* UIColor+Extensions.swift */ = {isa = PBXFileReference; lastKnownFileType = sourcecode.swift; path = "UIColor+Extensions.swift"; sourceTree = "<group>"; };
		684231232A418359004E71B9 /* PrimaryButton.swift */ = {isa = PBXFileReference; lastKnownFileType = sourcecode.swift; path = PrimaryButton.swift; sourceTree = "<group>"; };
		6842312F2A419B2C004E71B9 /* NavigationManager.swift */ = {isa = PBXFileReference; lastKnownFileType = sourcecode.swift; path = NavigationManager.swift; sourceTree = "<group>"; };
		684231312A419C29004E71B9 /* AuthNavigationManager.swift */ = {isa = PBXFileReference; lastKnownFileType = sourcecode.swift; path = AuthNavigationManager.swift; sourceTree = "<group>"; };
		8C4200992A41C600006A5264 /* UIImage+Extensions.swift */ = {isa = PBXFileReference; lastKnownFileType = sourcecode.swift; path = "UIImage+Extensions.swift"; sourceTree = "<group>"; };
		8C700B242A41E253000A7001 /* SecureFloatingTextField.swift */ = {isa = PBXFileReference; lastKnownFileType = sourcecode.swift; path = SecureFloatingTextField.swift; sourceTree = "<group>"; };
		8C700B282A41E974000A7001 /* UserService.swift */ = {isa = PBXFileReference; lastKnownFileType = sourcecode.swift; path = UserService.swift; sourceTree = "<group>"; };
		8C700B2A2A41E9FF000A7001 /* SupabaseManager.swift */ = {isa = PBXFileReference; lastKnownFileType = sourcecode.swift; path = SupabaseManager.swift; sourceTree = "<group>"; };
		8C700B2D2A41EA25000A7001 /* Constants.swift */ = {isa = PBXFileReference; lastKnownFileType = sourcecode.swift; path = Constants.swift; sourceTree = "<group>"; };
		8C700B352A41F003000A7001 /* UIViewController+Extensions.swift */ = {isa = PBXFileReference; lastKnownFileType = sourcecode.swift; path = "UIViewController+Extensions.swift"; sourceTree = "<group>"; };
		8C700B372A41F109000A7001 /* TextButton.swift */ = {isa = PBXFileReference; lastKnownFileType = sourcecode.swift; path = TextButton.swift; sourceTree = "<group>"; };
		8C700B3A2A41F4C5000A7001 /* ButtonWithLabel.swift */ = {isa = PBXFileReference; lastKnownFileType = sourcecode.swift; path = ButtonWithLabel.swift; sourceTree = "<group>"; };
		8C700B3D2A41FDDB000A7001 /* AppScrollView.swift */ = {isa = PBXFileReference; lastKnownFileType = sourcecode.swift; path = AppScrollView.swift; sourceTree = "<group>"; };
		8C8ADE142A40CAEC0049FA99 /* FloatingTextField.swift */ = {isa = PBXFileReference; lastKnownFileType = sourcecode.swift; path = FloatingTextField.swift; sourceTree = "<group>"; };
		8C8ADE1E2A40CB9D0049FA99 /* UIView+New.swift */ = {isa = PBXFileReference; lastKnownFileType = sourcecode.swift; path = "UIView+New.swift"; sourceTree = "<group>"; };
		8C8ADE2C2A40CD6F0049FA99 /* UIStackView+Extensions.swift */ = {isa = PBXFileReference; lastKnownFileType = sourcecode.swift; path = "UIStackView+Extensions.swift"; sourceTree = "<group>"; };
		8C8ADE2E2A40CDA40049FA99 /* UIView+Extensions.swift */ = {isa = PBXFileReference; lastKnownFileType = sourcecode.swift; path = "UIView+Extensions.swift"; sourceTree = "<group>"; };
		8C8ADE312A40D6B90049FA99 /* SignInViewController.swift */ = {isa = PBXFileReference; lastKnownFileType = sourcecode.swift; path = SignInViewController.swift; sourceTree = "<group>"; };
		8C8ADE342A40D80A0049FA99 /* SignInViewModel.swift */ = {isa = PBXFileReference; lastKnownFileType = sourcecode.swift; path = SignInViewModel.swift; sourceTree = "<group>"; };
		8CE828362A40C55E0089BB07 /* MetaKhan.app */ = {isa = PBXFileReference; explicitFileType = wrapper.application; includeInIndex = 0; path = MetaKhan.app; sourceTree = BUILT_PRODUCTS_DIR; };
		8CE828392A40C55E0089BB07 /* AppDelegate.swift */ = {isa = PBXFileReference; lastKnownFileType = sourcecode.swift; path = AppDelegate.swift; sourceTree = "<group>"; };
		8CE8283B2A40C55E0089BB07 /* SceneDelegate.swift */ = {isa = PBXFileReference; lastKnownFileType = sourcecode.swift; path = SceneDelegate.swift; sourceTree = "<group>"; };
		8CE828422A40C55F0089BB07 /* Assets.xcassets */ = {isa = PBXFileReference; lastKnownFileType = folder.assetcatalog; path = Assets.xcassets; sourceTree = "<group>"; };
		8CE828452A40C55F0089BB07 /* Base */ = {isa = PBXFileReference; lastKnownFileType = file.storyboard; name = Base; path = Base.lproj/LaunchScreen.storyboard; sourceTree = "<group>"; };
		8CE828472A40C55F0089BB07 /* Info.plist */ = {isa = PBXFileReference; lastKnownFileType = text.plist.xml; path = Info.plist; sourceTree = "<group>"; };
		8CE8284C2A40C55F0089BB07 /* MetaKhanTests.xctest */ = {isa = PBXFileReference; explicitFileType = wrapper.cfbundle; includeInIndex = 0; path = MetaKhanTests.xctest; sourceTree = BUILT_PRODUCTS_DIR; };
		8CE828502A40C55F0089BB07 /* MetaKhanTests.swift */ = {isa = PBXFileReference; lastKnownFileType = sourcecode.swift; path = MetaKhanTests.swift; sourceTree = "<group>"; };
		8CE828562A40C55F0089BB07 /* MetaKhanUITests.xctest */ = {isa = PBXFileReference; explicitFileType = wrapper.cfbundle; includeInIndex = 0; path = MetaKhanUITests.xctest; sourceTree = BUILT_PRODUCTS_DIR; };
		8CE8285A2A40C55F0089BB07 /* MetaKhanUITests.swift */ = {isa = PBXFileReference; lastKnownFileType = sourcecode.swift; path = MetaKhanUITests.swift; sourceTree = "<group>"; };
		8CE8285C2A40C55F0089BB07 /* MetaKhanUITestsLaunchTests.swift */ = {isa = PBXFileReference; lastKnownFileType = sourcecode.swift; path = MetaKhanUITestsLaunchTests.swift; sourceTree = "<group>"; };
/* End PBXFileReference section */

/* Begin PBXFrameworksBuildPhase section */
		8CE828332A40C55E0089BB07 /* Frameworks */ = {
			isa = PBXFrameworksBuildPhase;
			buildActionMask = 2147483647;
			files = (
				8C8ADE0E2A40CA5B0049FA99 /* Supabase in Frameworks */,
				8C700B422A420EF7000A7001 /* IQKeyboardManagerSwift in Frameworks */,
				684231272A418FCD004E71B9 /* SkeletonView in Frameworks */,
				8C84B4DA2A40C94C0054A127 /* SnapKit in Frameworks */,
			);
			runOnlyForDeploymentPostprocessing = 0;
		};
		8CE828492A40C55F0089BB07 /* Frameworks */ = {
			isa = PBXFrameworksBuildPhase;
			buildActionMask = 2147483647;
			files = (
			);
			runOnlyForDeploymentPostprocessing = 0;
		};
		8CE828532A40C55F0089BB07 /* Frameworks */ = {
			isa = PBXFrameworksBuildPhase;
			buildActionMask = 2147483647;
			files = (
			);
			runOnlyForDeploymentPostprocessing = 0;
		};
/* End PBXFrameworksBuildPhase section */

/* Begin PBXGroup section */
		684230E52A416658004E71B9 /* KeyboardHandler */ = {
			isa = PBXGroup;
			children = (
				684230E82A41667D004E71B9 /* KeyboardHandler.swift */,
			);
			path = KeyboardHandler;
			sourceTree = "<group>";
		};
		684230EA2A4166E1004E71B9 /* Base */ = {
			isa = PBXGroup;
			children = (
				684230EB2A4166ED004E71B9 /* BaseViewController.swift */,
				684230ED2A4166FF004E71B9 /* BaseViewModel.swift */,
				684230F42A4173FC004E71B9 /* BaseNavigationController.swift */,
			);
			path = Base;
			sourceTree = "<group>";
		};
		684230F12A417313004E71B9 /* Colors */ = {
			isa = PBXGroup;
			children = (
				684230F22A41732B004E71B9 /* AppColor.swift */,
			);
			path = Colors;
			sourceTree = "<group>";
		};
		684230F62A417528004E71B9 /* Buttons */ = {
			isa = PBXGroup;
			children = (
				684231232A418359004E71B9 /* PrimaryButton.swift */,
				8C700B372A41F109000A7001 /* TextButton.swift */,
				8C700B3A2A41F4C5000A7001 /* ButtonWithLabel.swift */,
			);
			path = Buttons;
			sourceTree = "<group>";
		};
		684230F92A417642004E71B9 /* Fonts */ = {
			isa = PBXGroup;
			children = (
				684231062A417670004E71B9 /* Poppins-Black.ttf */,
				684231002A417670004E71B9 /* Poppins-BlackItalic.ttf */,
				684231072A417670004E71B9 /* Poppins-Bold.ttf */,
				684231042A417670004E71B9 /* Poppins-BoldItalic.ttf */,
				6842310B2A417670004E71B9 /* Poppins-ExtraBold.ttf */,
				684231082A417670004E71B9 /* Poppins-ExtraBoldItalic.ttf */,
				684231032A417670004E71B9 /* Poppins-ExtraLight.ttf */,
				684231022A417670004E71B9 /* Poppins-ExtraLightItalic.ttf */,
				684230FD2A417670004E71B9 /* Poppins-Italic.ttf */,
				684230FC2A417670004E71B9 /* Poppins-Light.ttf */,
				684231052A417670004E71B9 /* Poppins-LightItalic.ttf */,
				684231012A417670004E71B9 /* Poppins-Medium.ttf */,
				684230FA2A417670004E71B9 /* Poppins-MediumItalic.ttf */,
				684230FB2A417670004E71B9 /* Poppins-Regular.ttf */,
				684231092A417670004E71B9 /* Poppins-SemiBold.ttf */,
				684230FE2A417670004E71B9 /* Poppins-SemiBoldItalic.ttf */,
				6842310A2A417670004E71B9 /* Poppins-Thin.ttf */,
				684230FF2A417670004E71B9 /* Poppins-ThinItalic.ttf */,
			);
			path = Fonts;
			sourceTree = "<group>";
		};
		6842311E2A417742004E71B9 /* Fonts */ = {
			isa = PBXGroup;
			children = (
				6842311F2A417760004E71B9 /* AppFont.swift */,
			);
			path = Fonts;
			sourceTree = "<group>";
		};
		684231282A4198CD004E71B9 /* NavigationManager */ = {
			isa = PBXGroup;
			children = (
				6842312F2A419B2C004E71B9 /* NavigationManager.swift */,
				684231312A419C29004E71B9 /* AuthNavigationManager.swift */,
			);
			path = NavigationManager;
			sourceTree = "<group>";
		};
		8C700B272A41E965000A7001 /* Supabase */ = {
			isa = PBXGroup;
			children = (
				8C700B282A41E974000A7001 /* UserService.swift */,
				8C700B2A2A41E9FF000A7001 /* SupabaseManager.swift */,
			);
			path = Supabase;
			sourceTree = "<group>";
		};
		8C700B2C2A41EA1A000A7001 /* Constants */ = {
			isa = PBXGroup;
			children = (
				8C700B2D2A41EA25000A7001 /* Constants.swift */,
			);
			path = Constants;
			sourceTree = "<group>";
		};
		8C700B3C2A41FDD0000A7001 /* ScrollView */ = {
			isa = PBXGroup;
			children = (
				8C700B3D2A41FDDB000A7001 /* AppScrollView.swift */,
			);
			path = ScrollView;
			sourceTree = "<group>";
		};
		8C8ADE0F2A40CA610049FA99 /* Reusable */ = {
			isa = PBXGroup;
			children = (
				8C700B3C2A41FDD0000A7001 /* ScrollView */,
				6842311E2A417742004E71B9 /* Fonts */,
				684230F62A417528004E71B9 /* Buttons */,
				684230F12A417313004E71B9 /* Colors */,
				684230E52A416658004E71B9 /* KeyboardHandler */,
				8C8ADE162A40CAEF0049FA99 /* TextFields */,
			);
			path = Reusable;
			sourceTree = "<group>";
		};
		8C8ADE102A40CA670049FA99 /* Screens */ = {
			isa = PBXGroup;
			children = (
				8C8ADE302A40D6A90049FA99 /* Auth */,
			);
			path = Screens;
			sourceTree = "<group>";
		};
		8C8ADE122A40CA740049FA99 /* Assets */ = {
			isa = PBXGroup;
			children = (
				684230F92A417642004E71B9 /* Fonts */,
				8CE828422A40C55F0089BB07 /* Assets.xcassets */,
			);
			path = Assets;
			sourceTree = "<group>";
		};
		8C8ADE132A40CA840049FA99 /* App */ = {
			isa = PBXGroup;
			children = (
				8CE828392A40C55E0089BB07 /* AppDelegate.swift */,
				8CE8283B2A40C55E0089BB07 /* SceneDelegate.swift */,
				8CE828442A40C55F0089BB07 /* LaunchScreen.storyboard */,
			);
			path = App;
			sourceTree = "<group>";
		};
		8C8ADE162A40CAEF0049FA99 /* TextFields */ = {
			isa = PBXGroup;
			children = (
				8C8ADE142A40CAEC0049FA99 /* FloatingTextField.swift */,
				8C700B242A41E253000A7001 /* SecureFloatingTextField.swift */,
			);
			path = TextFields;
			sourceTree = "<group>";
		};
		8C8ADE1D2A40CB8E0049FA99 /* Extensions */ = {
			isa = PBXGroup;
			children = (
				8C8ADE1E2A40CB9D0049FA99 /* UIView+New.swift */,
				8C8ADE2C2A40CD6F0049FA99 /* UIStackView+Extensions.swift */,
				8C8ADE2E2A40CDA40049FA99 /* UIView+Extensions.swift */,
				684231212A417AAF004E71B9 /* UIColor+Extensions.swift */,
				8C4200992A41C600006A5264 /* UIImage+Extensions.swift */,
				8C700B352A41F003000A7001 /* UIViewController+Extensions.swift */,
			);
			path = Extensions;
			sourceTree = "<group>";
		};
		8C8ADE302A40D6A90049FA99 /* Auth */ = {
			isa = PBXGroup;
			children = (
				8C8ADE332A40D6BB0049FA99 /* SingIn */,
			);
			path = Auth;
			sourceTree = "<group>";
		};
		8C8ADE332A40D6BB0049FA99 /* SingIn */ = {
			isa = PBXGroup;
			children = (
				8C8ADE312A40D6B90049FA99 /* SignInViewController.swift */,
				8C8ADE342A40D80A0049FA99 /* SignInViewModel.swift */,
			);
			path = SingIn;
			sourceTree = "<group>";
		};
		8CE8282D2A40C55E0089BB07 = {
			isa = PBXGroup;
			children = (
				8CE828382A40C55E0089BB07 /* MetaKhan */,
				8CE8284F2A40C55F0089BB07 /* MetaKhanTests */,
				8CE828592A40C55F0089BB07 /* MetaKhanUITests */,
				8CE828372A40C55E0089BB07 /* Products */,
			);
			sourceTree = "<group>";
		};
		8CE828372A40C55E0089BB07 /* Products */ = {
			isa = PBXGroup;
			children = (
				8CE828362A40C55E0089BB07 /* MetaKhan.app */,
				8CE8284C2A40C55F0089BB07 /* MetaKhanTests.xctest */,
				8CE828562A40C55F0089BB07 /* MetaKhanUITests.xctest */,
			);
			name = Products;
			sourceTree = "<group>";
		};
		8CE828382A40C55E0089BB07 /* MetaKhan */ = {
			isa = PBXGroup;
			children = (
				8C700B2C2A41EA1A000A7001 /* Constants */,
				8C700B272A41E965000A7001 /* Supabase */,
				684231282A4198CD004E71B9 /* NavigationManager */,
				684230EA2A4166E1004E71B9 /* Base */,
				8CE828472A40C55F0089BB07 /* Info.plist */,
				8C8ADE1D2A40CB8E0049FA99 /* Extensions */,
				8C8ADE132A40CA840049FA99 /* App */,
				8C8ADE122A40CA740049FA99 /* Assets */,
				8C8ADE102A40CA670049FA99 /* Screens */,
				8C8ADE0F2A40CA610049FA99 /* Reusable */,
			);
			path = MetaKhan;
			sourceTree = "<group>";
		};
		8CE8284F2A40C55F0089BB07 /* MetaKhanTests */ = {
			isa = PBXGroup;
			children = (
				8CE828502A40C55F0089BB07 /* MetaKhanTests.swift */,
			);
			path = MetaKhanTests;
			sourceTree = "<group>";
		};
		8CE828592A40C55F0089BB07 /* MetaKhanUITests */ = {
			isa = PBXGroup;
			children = (
				8CE8285A2A40C55F0089BB07 /* MetaKhanUITests.swift */,
				8CE8285C2A40C55F0089BB07 /* MetaKhanUITestsLaunchTests.swift */,
			);
			path = MetaKhanUITests;
			sourceTree = "<group>";
		};
/* End PBXGroup section */

/* Begin PBXNativeTarget section */
		8CE828352A40C55E0089BB07 /* MetaKhan */ = {
			isa = PBXNativeTarget;
			buildConfigurationList = 8CE828602A40C55F0089BB07 /* Build configuration list for PBXNativeTarget "MetaKhan" */;
			buildPhases = (
				8CE828322A40C55E0089BB07 /* Sources */,
				8CE828332A40C55E0089BB07 /* Frameworks */,
				8CE828342A40C55E0089BB07 /* Resources */,
			);
			buildRules = (
			);
			dependencies = (
			);
			name = MetaKhan;
			packageProductDependencies = (
				8C84B4D92A40C94C0054A127 /* SnapKit */,
				8C8ADE0D2A40CA5B0049FA99 /* Supabase */,
				684231262A418FCD004E71B9 /* SkeletonView */,
				8C700B412A420EF7000A7001 /* IQKeyboardManagerSwift */,
			);
			productName = MetaKhan;
			productReference = 8CE828362A40C55E0089BB07 /* MetaKhan.app */;
			productType = "com.apple.product-type.application";
		};
		8CE8284B2A40C55F0089BB07 /* MetaKhanTests */ = {
			isa = PBXNativeTarget;
			buildConfigurationList = 8CE828632A40C55F0089BB07 /* Build configuration list for PBXNativeTarget "MetaKhanTests" */;
			buildPhases = (
				8CE828482A40C55F0089BB07 /* Sources */,
				8CE828492A40C55F0089BB07 /* Frameworks */,
				8CE8284A2A40C55F0089BB07 /* Resources */,
			);
			buildRules = (
			);
			dependencies = (
				8CE8284E2A40C55F0089BB07 /* PBXTargetDependency */,
			);
			name = MetaKhanTests;
			productName = MetaKhanTests;
			productReference = 8CE8284C2A40C55F0089BB07 /* MetaKhanTests.xctest */;
			productType = "com.apple.product-type.bundle.unit-test";
		};
		8CE828552A40C55F0089BB07 /* MetaKhanUITests */ = {
			isa = PBXNativeTarget;
			buildConfigurationList = 8CE828662A40C55F0089BB07 /* Build configuration list for PBXNativeTarget "MetaKhanUITests" */;
			buildPhases = (
				8CE828522A40C55F0089BB07 /* Sources */,
				8CE828532A40C55F0089BB07 /* Frameworks */,
				8CE828542A40C55F0089BB07 /* Resources */,
			);
			buildRules = (
			);
			dependencies = (
				8CE828582A40C55F0089BB07 /* PBXTargetDependency */,
			);
			name = MetaKhanUITests;
			productName = MetaKhanUITests;
			productReference = 8CE828562A40C55F0089BB07 /* MetaKhanUITests.xctest */;
			productType = "com.apple.product-type.bundle.ui-testing";
		};
/* End PBXNativeTarget section */

/* Begin PBXProject section */
		8CE8282E2A40C55E0089BB07 /* Project object */ = {
			isa = PBXProject;
			attributes = {
				BuildIndependentTargetsInParallel = 1;
				LastSwiftUpdateCheck = 1430;
				LastUpgradeCheck = 1430;
				TargetAttributes = {
					8CE828352A40C55E0089BB07 = {
						CreatedOnToolsVersion = 14.3;
					};
					8CE8284B2A40C55F0089BB07 = {
						CreatedOnToolsVersion = 14.3;
						TestTargetID = 8CE828352A40C55E0089BB07;
					};
					8CE828552A40C55F0089BB07 = {
						CreatedOnToolsVersion = 14.3;
						TestTargetID = 8CE828352A40C55E0089BB07;
					};
				};
			};
			buildConfigurationList = 8CE828312A40C55E0089BB07 /* Build configuration list for PBXProject "MetaKhan" */;
			compatibilityVersion = "Xcode 14.0";
			developmentRegion = en;
			hasScannedForEncodings = 0;
			knownRegions = (
				en,
				Base,
			);
			mainGroup = 8CE8282D2A40C55E0089BB07;
			packageReferences = (
				8C84B4D82A40C94C0054A127 /* XCRemoteSwiftPackageReference "SnapKit" */,
				8C8ADE0C2A40CA5B0049FA99 /* XCRemoteSwiftPackageReference "supabase-swift" */,
				684231252A418FCD004E71B9 /* XCRemoteSwiftPackageReference "SkeletonView" */,
				8C700B402A420EF7000A7001 /* XCRemoteSwiftPackageReference "IQKeyboardManager" */,
			);
			productRefGroup = 8CE828372A40C55E0089BB07 /* Products */;
			projectDirPath = "";
			projectRoot = "";
			targets = (
				8CE828352A40C55E0089BB07 /* MetaKhan */,
				8CE8284B2A40C55F0089BB07 /* MetaKhanTests */,
				8CE828552A40C55F0089BB07 /* MetaKhanUITests */,
			);
		};
/* End PBXProject section */

/* Begin PBXResourcesBuildPhase section */
		8CE828342A40C55E0089BB07 /* Resources */ = {
			isa = PBXResourcesBuildPhase;
			buildActionMask = 2147483647;
			files = (
				6842311C2A417670004E71B9 /* Poppins-Thin.ttf in Resources */,
				684231152A417670004E71B9 /* Poppins-ExtraLight.ttf in Resources */,
				6842310F2A417670004E71B9 /* Poppins-Italic.ttf in Resources */,
				684231162A417670004E71B9 /* Poppins-BoldItalic.ttf in Resources */,
				684231192A417670004E71B9 /* Poppins-Bold.ttf in Resources */,
				684231112A417670004E71B9 /* Poppins-ThinItalic.ttf in Resources */,
				8CE828462A40C55F0089BB07 /* LaunchScreen.storyboard in Resources */,
				6842310E2A417670004E71B9 /* Poppins-Light.ttf in Resources */,
				684231102A417670004E71B9 /* Poppins-SemiBoldItalic.ttf in Resources */,
				6842310C2A417670004E71B9 /* Poppins-MediumItalic.ttf in Resources */,
				684231142A417670004E71B9 /* Poppins-ExtraLightItalic.ttf in Resources */,
				684231182A417670004E71B9 /* Poppins-Black.ttf in Resources */,
				684231172A417670004E71B9 /* Poppins-LightItalic.ttf in Resources */,
				8CE828432A40C55F0089BB07 /* Assets.xcassets in Resources */,
				684231122A417670004E71B9 /* Poppins-BlackItalic.ttf in Resources */,
				6842310D2A417670004E71B9 /* Poppins-Regular.ttf in Resources */,
				6842311D2A417670004E71B9 /* Poppins-ExtraBold.ttf in Resources */,
				6842311B2A417670004E71B9 /* Poppins-SemiBold.ttf in Resources */,
				684231132A417670004E71B9 /* Poppins-Medium.ttf in Resources */,
				6842311A2A417670004E71B9 /* Poppins-ExtraBoldItalic.ttf in Resources */,
			);
			runOnlyForDeploymentPostprocessing = 0;
		};
		8CE8284A2A40C55F0089BB07 /* Resources */ = {
			isa = PBXResourcesBuildPhase;
			buildActionMask = 2147483647;
			files = (
			);
			runOnlyForDeploymentPostprocessing = 0;
		};
		8CE828542A40C55F0089BB07 /* Resources */ = {
			isa = PBXResourcesBuildPhase;
			buildActionMask = 2147483647;
			files = (
			);
			runOnlyForDeploymentPostprocessing = 0;
		};
/* End PBXResourcesBuildPhase section */

/* Begin PBXSourcesBuildPhase section */
		8CE828322A40C55E0089BB07 /* Sources */ = {
			isa = PBXSourcesBuildPhase;
			buildActionMask = 2147483647;
			files = (
				684230F52A4173FC004E71B9 /* BaseNavigationController.swift in Sources */,
				8C8ADE322A40D6B90049FA99 /* SignInViewController.swift in Sources */,
				684230EE2A4166FF004E71B9 /* BaseViewModel.swift in Sources */,
				8C8ADE2F2A40CDA40049FA99 /* UIView+Extensions.swift in Sources */,
				8C700B3E2A41FDDB000A7001 /* AppScrollView.swift in Sources */,
				8CE8283A2A40C55E0089BB07 /* AppDelegate.swift in Sources */,
				684230E92A41667D004E71B9 /* KeyboardHandler.swift in Sources */,
				8C700B2E2A41EA25000A7001 /* Constants.swift in Sources */,
				684230F32A41732B004E71B9 /* AppColor.swift in Sources */,
				684231322A419C29004E71B9 /* AuthNavigationManager.swift in Sources */,
				8CE8283C2A40C55E0089BB07 /* SceneDelegate.swift in Sources */,
				684231302A419B2C004E71B9 /* NavigationManager.swift in Sources */,
				684230EC2A4166ED004E71B9 /* BaseViewController.swift in Sources */,
				8C700B362A41F003000A7001 /* UIViewController+Extensions.swift in Sources */,
				8C8ADE352A40D80A0049FA99 /* SignInViewModel.swift in Sources */,
				684231242A418359004E71B9 /* PrimaryButton.swift in Sources */,
				684231222A417AAF004E71B9 /* UIColor+Extensions.swift in Sources */,
				8C700B382A41F109000A7001 /* TextButton.swift in Sources */,
				8C700B292A41E974000A7001 /* UserService.swift in Sources */,
				684231202A417760004E71B9 /* AppFont.swift in Sources */,
				8C8ADE2D2A40CD6F0049FA99 /* UIStackView+Extensions.swift in Sources */,
				8C700B252A41E253000A7001 /* SecureFloatingTextField.swift in Sources */,
				8C42009A2A41C600006A5264 /* UIImage+Extensions.swift in Sources */,
				8C700B2B2A41E9FF000A7001 /* SupabaseManager.swift in Sources */,
				8C8ADE152A40CAEC0049FA99 /* FloatingTextField.swift in Sources */,
				8C8ADE1F2A40CB9D0049FA99 /* UIView+New.swift in Sources */,
				8C700B3B2A41F4C5000A7001 /* ButtonWithLabel.swift in Sources */,
			);
			runOnlyForDeploymentPostprocessing = 0;
		};
		8CE828482A40C55F0089BB07 /* Sources */ = {
			isa = PBXSourcesBuildPhase;
			buildActionMask = 2147483647;
			files = (
				8CE828512A40C55F0089BB07 /* MetaKhanTests.swift in Sources */,
			);
			runOnlyForDeploymentPostprocessing = 0;
		};
		8CE828522A40C55F0089BB07 /* Sources */ = {
			isa = PBXSourcesBuildPhase;
			buildActionMask = 2147483647;
			files = (
				8CE8285D2A40C55F0089BB07 /* MetaKhanUITestsLaunchTests.swift in Sources */,
				8CE8285B2A40C55F0089BB07 /* MetaKhanUITests.swift in Sources */,
			);
			runOnlyForDeploymentPostprocessing = 0;
		};
/* End PBXSourcesBuildPhase section */

/* Begin PBXTargetDependency section */
		8CE8284E2A40C55F0089BB07 /* PBXTargetDependency */ = {
			isa = PBXTargetDependency;
			target = 8CE828352A40C55E0089BB07 /* MetaKhan */;
			targetProxy = 8CE8284D2A40C55F0089BB07 /* PBXContainerItemProxy */;
		};
		8CE828582A40C55F0089BB07 /* PBXTargetDependency */ = {
			isa = PBXTargetDependency;
			target = 8CE828352A40C55E0089BB07 /* MetaKhan */;
			targetProxy = 8CE828572A40C55F0089BB07 /* PBXContainerItemProxy */;
		};
/* End PBXTargetDependency section */

/* Begin PBXVariantGroup section */
		8CE828442A40C55F0089BB07 /* LaunchScreen.storyboard */ = {
			isa = PBXVariantGroup;
			children = (
				8CE828452A40C55F0089BB07 /* Base */,
			);
			name = LaunchScreen.storyboard;
			sourceTree = "<group>";
		};
/* End PBXVariantGroup section */

/* Begin XCBuildConfiguration section */
		8CE8285E2A40C55F0089BB07 /* Debug */ = {
			isa = XCBuildConfiguration;
			buildSettings = {
				ALWAYS_SEARCH_USER_PATHS = NO;
				CLANG_ANALYZER_NONNULL = YES;
				CLANG_ANALYZER_NUMBER_OBJECT_CONVERSION = YES_AGGRESSIVE;
				CLANG_CXX_LANGUAGE_STANDARD = "gnu++20";
				CLANG_ENABLE_MODULES = YES;
				CLANG_ENABLE_OBJC_ARC = YES;
				CLANG_ENABLE_OBJC_WEAK = YES;
				CLANG_WARN_BLOCK_CAPTURE_AUTORELEASING = YES;
				CLANG_WARN_BOOL_CONVERSION = YES;
				CLANG_WARN_COMMA = YES;
				CLANG_WARN_CONSTANT_CONVERSION = YES;
				CLANG_WARN_DEPRECATED_OBJC_IMPLEMENTATIONS = YES;
				CLANG_WARN_DIRECT_OBJC_ISA_USAGE = YES_ERROR;
				CLANG_WARN_DOCUMENTATION_COMMENTS = YES;
				CLANG_WARN_EMPTY_BODY = YES;
				CLANG_WARN_ENUM_CONVERSION = YES;
				CLANG_WARN_INFINITE_RECURSION = YES;
				CLANG_WARN_INT_CONVERSION = YES;
				CLANG_WARN_NON_LITERAL_NULL_CONVERSION = YES;
				CLANG_WARN_OBJC_IMPLICIT_RETAIN_SELF = YES;
				CLANG_WARN_OBJC_LITERAL_CONVERSION = YES;
				CLANG_WARN_OBJC_ROOT_CLASS = YES_ERROR;
				CLANG_WARN_QUOTED_INCLUDE_IN_FRAMEWORK_HEADER = YES;
				CLANG_WARN_RANGE_LOOP_ANALYSIS = YES;
				CLANG_WARN_STRICT_PROTOTYPES = YES;
				CLANG_WARN_SUSPICIOUS_MOVE = YES;
				CLANG_WARN_UNGUARDED_AVAILABILITY = YES_AGGRESSIVE;
				CLANG_WARN_UNREACHABLE_CODE = YES;
				CLANG_WARN__DUPLICATE_METHOD_MATCH = YES;
				COPY_PHASE_STRIP = NO;
				DEBUG_INFORMATION_FORMAT = dwarf;
				ENABLE_STRICT_OBJC_MSGSEND = YES;
				ENABLE_TESTABILITY = YES;
				GCC_C_LANGUAGE_STANDARD = gnu11;
				GCC_DYNAMIC_NO_PIC = NO;
				GCC_NO_COMMON_BLOCKS = YES;
				GCC_OPTIMIZATION_LEVEL = 0;
				GCC_PREPROCESSOR_DEFINITIONS = (
					"DEBUG=1",
					"$(inherited)",
				);
				GCC_WARN_64_TO_32_BIT_CONVERSION = YES;
				GCC_WARN_ABOUT_RETURN_TYPE = YES_ERROR;
				GCC_WARN_UNDECLARED_SELECTOR = YES;
				GCC_WARN_UNINITIALIZED_AUTOS = YES_AGGRESSIVE;
				GCC_WARN_UNUSED_FUNCTION = YES;
				GCC_WARN_UNUSED_VARIABLE = YES;
				IPHONEOS_DEPLOYMENT_TARGET = 16.4;
				MTL_ENABLE_DEBUG_INFO = INCLUDE_SOURCE;
				MTL_FAST_MATH = YES;
				ONLY_ACTIVE_ARCH = YES;
				SDKROOT = iphoneos;
				SWIFT_ACTIVE_COMPILATION_CONDITIONS = DEBUG;
				SWIFT_OPTIMIZATION_LEVEL = "-Onone";
			};
			name = Debug;
		};
		8CE8285F2A40C55F0089BB07 /* Release */ = {
			isa = XCBuildConfiguration;
			buildSettings = {
				ALWAYS_SEARCH_USER_PATHS = NO;
				CLANG_ANALYZER_NONNULL = YES;
				CLANG_ANALYZER_NUMBER_OBJECT_CONVERSION = YES_AGGRESSIVE;
				CLANG_CXX_LANGUAGE_STANDARD = "gnu++20";
				CLANG_ENABLE_MODULES = YES;
				CLANG_ENABLE_OBJC_ARC = YES;
				CLANG_ENABLE_OBJC_WEAK = YES;
				CLANG_WARN_BLOCK_CAPTURE_AUTORELEASING = YES;
				CLANG_WARN_BOOL_CONVERSION = YES;
				CLANG_WARN_COMMA = YES;
				CLANG_WARN_CONSTANT_CONVERSION = YES;
				CLANG_WARN_DEPRECATED_OBJC_IMPLEMENTATIONS = YES;
				CLANG_WARN_DIRECT_OBJC_ISA_USAGE = YES_ERROR;
				CLANG_WARN_DOCUMENTATION_COMMENTS = YES;
				CLANG_WARN_EMPTY_BODY = YES;
				CLANG_WARN_ENUM_CONVERSION = YES;
				CLANG_WARN_INFINITE_RECURSION = YES;
				CLANG_WARN_INT_CONVERSION = YES;
				CLANG_WARN_NON_LITERAL_NULL_CONVERSION = YES;
				CLANG_WARN_OBJC_IMPLICIT_RETAIN_SELF = YES;
				CLANG_WARN_OBJC_LITERAL_CONVERSION = YES;
				CLANG_WARN_OBJC_ROOT_CLASS = YES_ERROR;
				CLANG_WARN_QUOTED_INCLUDE_IN_FRAMEWORK_HEADER = YES;
				CLANG_WARN_RANGE_LOOP_ANALYSIS = YES;
				CLANG_WARN_STRICT_PROTOTYPES = YES;
				CLANG_WARN_SUSPICIOUS_MOVE = YES;
				CLANG_WARN_UNGUARDED_AVAILABILITY = YES_AGGRESSIVE;
				CLANG_WARN_UNREACHABLE_CODE = YES;
				CLANG_WARN__DUPLICATE_METHOD_MATCH = YES;
				COPY_PHASE_STRIP = NO;
				DEBUG_INFORMATION_FORMAT = "dwarf-with-dsym";
				ENABLE_NS_ASSERTIONS = NO;
				ENABLE_STRICT_OBJC_MSGSEND = YES;
				GCC_C_LANGUAGE_STANDARD = gnu11;
				GCC_NO_COMMON_BLOCKS = YES;
				GCC_WARN_64_TO_32_BIT_CONVERSION = YES;
				GCC_WARN_ABOUT_RETURN_TYPE = YES_ERROR;
				GCC_WARN_UNDECLARED_SELECTOR = YES;
				GCC_WARN_UNINITIALIZED_AUTOS = YES_AGGRESSIVE;
				GCC_WARN_UNUSED_FUNCTION = YES;
				GCC_WARN_UNUSED_VARIABLE = YES;
				IPHONEOS_DEPLOYMENT_TARGET = 16.4;
				MTL_ENABLE_DEBUG_INFO = NO;
				MTL_FAST_MATH = YES;
				SDKROOT = iphoneos;
				SWIFT_COMPILATION_MODE = wholemodule;
				SWIFT_OPTIMIZATION_LEVEL = "-O";
				VALIDATE_PRODUCT = YES;
			};
			name = Release;
		};
		8CE828612A40C55F0089BB07 /* Debug */ = {
			isa = XCBuildConfiguration;
			buildSettings = {
				ASSETCATALOG_COMPILER_APPICON_NAME = AppIcon;
				ASSETCATALOG_COMPILER_GLOBAL_ACCENT_COLOR_NAME = AccentColor;
				CODE_SIGN_STYLE = Automatic;
				CURRENT_PROJECT_VERSION = 1;
				DEVELOPMENT_TEAM = M4D9WCCL22;
				GENERATE_INFOPLIST_FILE = YES;
				INFOPLIST_FILE = MetaKhan/Info.plist;
				INFOPLIST_KEY_UIApplicationSupportsIndirectInputEvents = YES;
				INFOPLIST_KEY_UILaunchStoryboardName = LaunchScreen;
				INFOPLIST_KEY_UISupportedInterfaceOrientations_iPad = "UIInterfaceOrientationPortrait UIInterfaceOrientationPortraitUpsideDown UIInterfaceOrientationLandscapeLeft UIInterfaceOrientationLandscapeRight";
				INFOPLIST_KEY_UISupportedInterfaceOrientations_iPhone = "UIInterfaceOrientationPortrait UIInterfaceOrientationLandscapeLeft UIInterfaceOrientationLandscapeRight";
				LD_RUNPATH_SEARCH_PATHS = (
					"$(inherited)",
					"@executable_path/Frameworks",
				);
				MARKETING_VERSION = 1.0;
				PRODUCT_BUNDLE_IDENTIFIER = com.aykhanseferli.MetaKhan;
				PRODUCT_NAME = "$(TARGET_NAME)";
				SWIFT_EMIT_LOC_STRINGS = YES;
				SWIFT_VERSION = 5.0;
				TARGETED_DEVICE_FAMILY = "1,2";
			};
			name = Debug;
		};
		8CE828622A40C55F0089BB07 /* Release */ = {
			isa = XCBuildConfiguration;
			buildSettings = {
				ASSETCATALOG_COMPILER_APPICON_NAME = AppIcon;
				ASSETCATALOG_COMPILER_GLOBAL_ACCENT_COLOR_NAME = AccentColor;
				CODE_SIGN_STYLE = Automatic;
				CURRENT_PROJECT_VERSION = 1;
				DEVELOPMENT_TEAM = M4D9WCCL22;
				GENERATE_INFOPLIST_FILE = YES;
				INFOPLIST_FILE = MetaKhan/Info.plist;
				INFOPLIST_KEY_UIApplicationSupportsIndirectInputEvents = YES;
				INFOPLIST_KEY_UILaunchStoryboardName = LaunchScreen;
				INFOPLIST_KEY_UISupportedInterfaceOrientations_iPad = "UIInterfaceOrientationPortrait UIInterfaceOrientationPortraitUpsideDown UIInterfaceOrientationLandscapeLeft UIInterfaceOrientationLandscapeRight";
				INFOPLIST_KEY_UISupportedInterfaceOrientations_iPhone = "UIInterfaceOrientationPortrait UIInterfaceOrientationLandscapeLeft UIInterfaceOrientationLandscapeRight";
				LD_RUNPATH_SEARCH_PATHS = (
					"$(inherited)",
					"@executable_path/Frameworks",
				);
				MARKETING_VERSION = 1.0;
				PRODUCT_BUNDLE_IDENTIFIER = com.aykhanseferli.MetaKhan;
				PRODUCT_NAME = "$(TARGET_NAME)";
				SWIFT_EMIT_LOC_STRINGS = YES;
				SWIFT_VERSION = 5.0;
				TARGETED_DEVICE_FAMILY = "1,2";
			};
			name = Release;
		};
		8CE828642A40C55F0089BB07 /* Debug */ = {
			isa = XCBuildConfiguration;
			buildSettings = {
				ALWAYS_EMBED_SWIFT_STANDARD_LIBRARIES = YES;
				BUNDLE_LOADER = "$(TEST_HOST)";
				CODE_SIGN_STYLE = Automatic;
				CURRENT_PROJECT_VERSION = 1;
				DEVELOPMENT_TEAM = M4D9WCCL22;
				GENERATE_INFOPLIST_FILE = YES;
				IPHONEOS_DEPLOYMENT_TARGET = 16.4;
				MARKETING_VERSION = 1.0;
				PRODUCT_BUNDLE_IDENTIFIER = com.aykhanseferli.MetaKhanTests;
				PRODUCT_NAME = "$(TARGET_NAME)";
				SWIFT_EMIT_LOC_STRINGS = NO;
				SWIFT_VERSION = 5.0;
				TARGETED_DEVICE_FAMILY = "1,2";
				TEST_HOST = "$(BUILT_PRODUCTS_DIR)/MetaKhan.app/$(BUNDLE_EXECUTABLE_FOLDER_PATH)/MetaKhan";
			};
			name = Debug;
		};
		8CE828652A40C55F0089BB07 /* Release */ = {
			isa = XCBuildConfiguration;
			buildSettings = {
				ALWAYS_EMBED_SWIFT_STANDARD_LIBRARIES = YES;
				BUNDLE_LOADER = "$(TEST_HOST)";
				CODE_SIGN_STYLE = Automatic;
				CURRENT_PROJECT_VERSION = 1;
				DEVELOPMENT_TEAM = M4D9WCCL22;
				GENERATE_INFOPLIST_FILE = YES;
				IPHONEOS_DEPLOYMENT_TARGET = 16.4;
				MARKETING_VERSION = 1.0;
				PRODUCT_BUNDLE_IDENTIFIER = com.aykhanseferli.MetaKhanTests;
				PRODUCT_NAME = "$(TARGET_NAME)";
				SWIFT_EMIT_LOC_STRINGS = NO;
				SWIFT_VERSION = 5.0;
				TARGETED_DEVICE_FAMILY = "1,2";
				TEST_HOST = "$(BUILT_PRODUCTS_DIR)/MetaKhan.app/$(BUNDLE_EXECUTABLE_FOLDER_PATH)/MetaKhan";
			};
			name = Release;
		};
		8CE828672A40C55F0089BB07 /* Debug */ = {
			isa = XCBuildConfiguration;
			buildSettings = {
				ALWAYS_EMBED_SWIFT_STANDARD_LIBRARIES = YES;
				CODE_SIGN_STYLE = Automatic;
				CURRENT_PROJECT_VERSION = 1;
				DEVELOPMENT_TEAM = M4D9WCCL22;
				GENERATE_INFOPLIST_FILE = YES;
				MARKETING_VERSION = 1.0;
				PRODUCT_BUNDLE_IDENTIFIER = com.aykhanseferli.MetaKhanUITests;
				PRODUCT_NAME = "$(TARGET_NAME)";
				SWIFT_EMIT_LOC_STRINGS = NO;
				SWIFT_VERSION = 5.0;
				TARGETED_DEVICE_FAMILY = "1,2";
				TEST_TARGET_NAME = MetaKhan;
			};
			name = Debug;
		};
		8CE828682A40C55F0089BB07 /* Release */ = {
			isa = XCBuildConfiguration;
			buildSettings = {
				ALWAYS_EMBED_SWIFT_STANDARD_LIBRARIES = YES;
				CODE_SIGN_STYLE = Automatic;
				CURRENT_PROJECT_VERSION = 1;
				DEVELOPMENT_TEAM = M4D9WCCL22;
				GENERATE_INFOPLIST_FILE = YES;
				MARKETING_VERSION = 1.0;
				PRODUCT_BUNDLE_IDENTIFIER = com.aykhanseferli.MetaKhanUITests;
				PRODUCT_NAME = "$(TARGET_NAME)";
				SWIFT_EMIT_LOC_STRINGS = NO;
				SWIFT_VERSION = 5.0;
				TARGETED_DEVICE_FAMILY = "1,2";
				TEST_TARGET_NAME = MetaKhan;
			};
			name = Release;
		};
/* End XCBuildConfiguration section */

/* Begin XCConfigurationList section */
		8CE828312A40C55E0089BB07 /* Build configuration list for PBXProject "MetaKhan" */ = {
			isa = XCConfigurationList;
			buildConfigurations = (
				8CE8285E2A40C55F0089BB07 /* Debug */,
				8CE8285F2A40C55F0089BB07 /* Release */,
			);
			defaultConfigurationIsVisible = 0;
			defaultConfigurationName = Release;
		};
		8CE828602A40C55F0089BB07 /* Build configuration list for PBXNativeTarget "MetaKhan" */ = {
			isa = XCConfigurationList;
			buildConfigurations = (
				8CE828612A40C55F0089BB07 /* Debug */,
				8CE828622A40C55F0089BB07 /* Release */,
			);
			defaultConfigurationIsVisible = 0;
			defaultConfigurationName = Release;
		};
		8CE828632A40C55F0089BB07 /* Build configuration list for PBXNativeTarget "MetaKhanTests" */ = {
			isa = XCConfigurationList;
			buildConfigurations = (
				8CE828642A40C55F0089BB07 /* Debug */,
				8CE828652A40C55F0089BB07 /* Release */,
			);
			defaultConfigurationIsVisible = 0;
			defaultConfigurationName = Release;
		};
		8CE828662A40C55F0089BB07 /* Build configuration list for PBXNativeTarget "MetaKhanUITests" */ = {
			isa = XCConfigurationList;
			buildConfigurations = (
				8CE828672A40C55F0089BB07 /* Debug */,
				8CE828682A40C55F0089BB07 /* Release */,
			);
			defaultConfigurationIsVisible = 0;
			defaultConfigurationName = Release;
		};
/* End XCConfigurationList section */

/* Begin XCRemoteSwiftPackageReference section */
		684231252A418FCD004E71B9 /* XCRemoteSwiftPackageReference "SkeletonView" */ = {
			isa = XCRemoteSwiftPackageReference;
			repositoryURL = "https://github.com/Juanpe/SkeletonView.git";
			requirement = {
				kind = upToNextMajorVersion;
				minimumVersion = 1.0.0;
			};
		};
		8C700B402A420EF7000A7001 /* XCRemoteSwiftPackageReference "IQKeyboardManager" */ = {
			isa = XCRemoteSwiftPackageReference;
			repositoryURL = "https://github.com/hackiftekhar/IQKeyboardManager.git";
			requirement = {
				kind = upToNextMajorVersion;
				minimumVersion = 6.0.0;
			};
		};
		8C84B4D82A40C94C0054A127 /* XCRemoteSwiftPackageReference "SnapKit" */ = {
			isa = XCRemoteSwiftPackageReference;
			repositoryURL = "https://github.com/SnapKit/SnapKit.git";
			requirement = {
				kind = upToNextMajorVersion;
				minimumVersion = 5.0.0;
			};
		};
		8C8ADE0C2A40CA5B0049FA99 /* XCRemoteSwiftPackageReference "supabase-swift" */ = {
			isa = XCRemoteSwiftPackageReference;
			repositoryURL = "https://github.com/supabase-community/supabase-swift.git";
			requirement = {
				kind = upToNextMajorVersion;
				minimumVersion = 0.2.1;
			};
		};
/* End XCRemoteSwiftPackageReference section */

/* Begin XCSwiftPackageProductDependency section */
		684231262A418FCD004E71B9 /* SkeletonView */ = {
			isa = XCSwiftPackageProductDependency;
			package = 684231252A418FCD004E71B9 /* XCRemoteSwiftPackageReference "SkeletonView" */;
			productName = SkeletonView;
		};
		8C700B412A420EF7000A7001 /* IQKeyboardManagerSwift */ = {
			isa = XCSwiftPackageProductDependency;
			package = 8C700B402A420EF7000A7001 /* XCRemoteSwiftPackageReference "IQKeyboardManager" */;
			productName = IQKeyboardManagerSwift;
		};
		8C84B4D92A40C94C0054A127 /* SnapKit */ = {
			isa = XCSwiftPackageProductDependency;
			package = 8C84B4D82A40C94C0054A127 /* XCRemoteSwiftPackageReference "SnapKit" */;
			productName = SnapKit;
		};
		8C8ADE0D2A40CA5B0049FA99 /* Supabase */ = {
			isa = XCSwiftPackageProductDependency;
			package = 8C8ADE0C2A40CA5B0049FA99 /* XCRemoteSwiftPackageReference "supabase-swift" */;
			productName = Supabase;
		};
/* End XCSwiftPackageProductDependency section */
	};
	rootObject = 8CE8282E2A40C55E0089BB07 /* Project object */;
}
